
Microsoft Visual Studio Solution File, Format Version 12.00
# Visual Studio Version 16
VisualStudioVersion = 25.0.1705.0
MinimumVisualStudioVersion = 10.0.40219.1
Project("{FAE04EC0-301F-11D3-BF4B-00C04F79EFBC}") = "Keep_Notes_Android", "Keep_Notes_Android.csproj", "{5C764E9F-495E-4993-82B8-9033594EDBA5}"
EndProject
Global
	GlobalSection(SolutionConfigurationPlatforms) = preSolution
		Debug|Any CPU = Debug|Any CPU
		Release|Any CPU = Release|Any CPU
	EndGlobalSection
	GlobalSection(ProjectConfigurationPlatforms) = postSolution
		{5C764E9F-495E-4993-82B8-9033594EDBA5}.Debug|Any CPU.ActiveCfg = Debug|Any CPU
		{5C764E9F-495E-4993-82B8-9033594EDBA5}.Debug|Any CPU.Build.0 = Debug|Any CPU
		{5C764E9F-495E-4993-82B8-9033594EDBA5}.Release|Any CPU.ActiveCfg = Release|Any CPU
		{5C764E9F-495E-4993-82B8-9033594EDBA5}.Release|Any CPU.Build.0 = Release|Any CPU
	EndGlobalSection
	GlobalSection(SolutionProperties) = preSolution
		HideSolutionNode = FALSE
	EndGlobalSection
	GlobalSection(ExtensibilityGlobals) = postSolution
		SolutionGuid = {337D7139-D4FE-4766-91B1-54E16239588E}
	EndGlobalSection
EndGlobal
